
Microsoft Visual Studio Solution File, Format Version 12.00
# Visual Studio Version 16
VisualStudioVersion = 16.0.29009.5
MinimumVisualStudioVersion = 10.0.40219.1
Project("{8BC9CEB8-8B4A-11D0-8D11-00A0C91BC942}") = "Rasterizer", "Rasterizer\Rasterizer.vcxproj", "{E12734CC-895C-471E-8C1D-944F268A01B3}"
EndProject
Project("{2150E333-8FDC-42A3-9474-1A3956D46DE8}") = "Solution Items", "Solution Items", "{F3A0BEDC-4D49-4B5C-BD6D-CE877D11D25B}"
	ProjectSection(SolutionItems) = preProject
		Performance1.psess = Performance1.psess
	EndProjectSection
EndProject
Global
	GlobalSection(SolutionConfigurationPlatforms) = preSolution
		Debug|x64 = Debug|x64
		Debug|x86 = Debug|x86
		Release|x64 = Release|x64
		Release|x86 = Release|x86
	EndGlobalSection
	GlobalSection(ProjectConfigurationPlatforms) = postSolution
		{E12734CC-895C-471E-8C1D-944F268A01B3}.Debug|x64.ActiveCfg = Release|x64
		{E12734CC-895C-471E-8C1D-944F268A01B3}.Debug|x64.Build.0 = Release|x64
		{E12734CC-895C-471E-8C1D-944F268A01B3}.Debug|x86.ActiveCfg = Release|x64
		{E12734CC-895C-471E-8C1D-944F268A01B3}.Debug|x86.Build.0 = Release|x64
		{E12734CC-895C-471E-8C1D-944F268A01B3}.Release|x64.ActiveCfg = Release|x64
		{E12734CC-895C-471E-8C1D-944F268A01B3}.Release|x64.Build.0 = Release|x64
		{E12734CC-895C-471E-8C1D-944F268A01B3}.Release|x86.ActiveCfg = Release|x64
		{E12734CC-895C-471E-8C1D-944F268A01B3}.Release|x86.Build.0 = Release|x64
	EndGlobalSection
	GlobalSection(SolutionProperties) = preSolution
		HideSolutionNode = FALSE
	EndGlobalSection
	GlobalSection(ExtensibilityGlobals) = postSolution
		SolutionGuid = {B7A6DA5D-0A40-4202-9B9C-67D6009B1365}
	EndGlobalSection
EndGlobal
